# This file was autogenerated by uv via the following command:
#    uv export --format requirements-txt --no-emit-project --all-extras
annotated-types==0.8.0 \
    --hash=sha256:13b2beaad985e05e2d6407ee4c4f35590b11f8d693a258a561055cac8f64cab7 \
    --hash=sha256:f072f4d804ea359e4eaf198b1af7a8b0943881a87f31bb764f8bf219bb9419e0
    # via pydantic
colorama==0.4.6 ; sys_platform == 'win32' \
    --hash=sha256:08695f5cb7ed6e0531a20572697297273c47b8cae5a63ffc6d6ed5c201be6e44 \
    --hash=sha256:4f1d9991f5acc0ca119f9d443620b77f9d6b33703e51011c16baf57afb285fc6
    # via pytest
iniconfig==2.3.0 \
    --hash=sha256:c76315c77db068650d49c5b56314774a7804df16fee4402c1f19d6d15d8c4730 \
    --hash=sha256:f631c04d2c48c52b84d0d0549c99ff3859c98df65b3101406327ecc7d53fbf12
    # via pytest
packaging==26.3 \
    --hash=sha256:94edc256424af38762eb31306eed28beb9f0efc50a8837492c9d6fd6004aed79 \
    --hash=sha256:d7193f7c8e4e93f444fde0262bf90af30e16fa0ad0ad44cb553c87339b23cd1c
    # via pytest
pluggy==1.6.0 \
    --hash=sha256:7dcc130b76258d33b90f61b658791dede3486c3e6bfb003ee5c9bfb396dd22f3 \
    --hash=sha256:e920276dd6813095e9377c0bc5566d94c932c33b27a3e3945d8389c374dd4746
    # via pytest
pydantic==2.13.5 \
    --hash=sha256:346a034f080da3755d8e9cb5e00e8b07de1d39e4f6e2c87d8ab7cafa0b269a73 \
    --hash=sha256:51a9c5f7b2f8e636f04c6cada605d9b6a3bf1348fdf945a3d8869b19bba0ee08
    # via ai-trading-lab
pydantic-core==2.46.5 \
    --hash=sha256:013d6f3483d81e02e7c328831808f336c8596ee33b4bd4026b9ffb1e960b8942 \
    --hash=sha256:0fc5be0abd4a407e200d844b404e33639a554e7bd0d448e7b9ae181be4789ac2 \
    --hash=sha256:10416c15b8839ecc4ef4d0885da76da6fd0f67333a0eb8aff6d93c4b8f2910fc \
    --hash=sha256:18a09e1e1011b462f2e32774f25859ef1223d5c2b0546a633cf56654710721e0 \
    --hash=sha256:2bc9419666990c06d7397831f2126a1ecc3594aaa3ff7de5bf2d066802f4e07b \
    --hash=sha256:347ec774390c87326a2e4929d58d3f7e8763a104d5d35f4cd595a4c952366433 \
    --hash=sha256:4fdc8b93a41521988916eeaa271173fcca7fa0803d62f87675aac8dcec1c8e29 \
    --hash=sha256:5cb482e9e84c851f4e623fe4acc1ced89168cf1fe18f7089db4548c8f5bbb65b \
    --hash=sha256:5e81740c09e310f5aa5cbd3e434a01c154d4bef93241c7877b39f211d2b78ba8 \
    --hash=sha256:816ff0a6550ffc06c098ccd2e0698600f9aa7da192a79eaa6f9af504a35db869 \
    --hash=sha256:8e24d8f05fa2d28513d94e877e9c75ad66175376209b3977f916e240e623193c \
    --hash=sha256:a39ac25a9a2fa4072efdb429833c4a4c8009a51ff9eea3eeae131713cd27991e \
    --hash=sha256:b98134087d9de723658d17a42c7d0da8d6e2ef08015dee7dc93889047315f5e4 \
    --hash=sha256:b9fe6fb92520e3fd61f2e49000b6911b188824f089b75973ea06d6267f0b476d \
    --hash=sha256:c7ea57fc63aa7da93a1bd2d644e6577befae10c52c4e36377635eea1056a74f5 \
    --hash=sha256:d925f3d9afd05a8c0fb3a1031463a8d59ebe5e2afad297e29c78be19e13b4e62 \
    --hash=sha256:e652ab17569c94bff5475520f907b7148b8c24036a8ebbe5cf7cf7493d28579a \
    --hash=sha256:e9c134bb666dd54b778b9fc0d2b50cbb7f979b9e3716f26a88c9ab3b6fc1dd0f \
    --hash=sha256:efd62a42486f1bda5d24cb4f63d15a3c7768375fe83d36f9417b4ad7a2fb20b3 \
    --hash=sha256:f7b0ec93a2893de856652154d73b7ba622f26fa97726487dcac373de5f4c6084
    # via pydantic
pygments==2.21.0 \
    --hash=sha256:2363c69b61c4a97c838da3b130dcd6468f4848992b21a82f2a63ec34377137d9 \
    --hash=sha256:610ca751c9bc2492b38eb9a38a7fbc93edbbb2d7182edaf34e66ae493dee5c8c
    # via pytest
pytest==8.4.2 \
    --hash=sha256:86c0d0b93306b961d58d62a4db4879f27fe25513d4b969df351abdddb3c30e01 \
    --hash=sha256:872f880de3fc3a5bdc88a11b39c9710c3497a547cfa9320bc3c5e62fbf272e79
    # via ai-trading-lab
ruff==0.12.12 \
    --hash=sha256:01543c137fd3650d322922e8b14cc133b8ea734617c4891c5a9fccf4bfc9aa92 \
    --hash=sha256:0c0945246f5ad776cb8925e36af2438e66188d2b57d9cf2eed2c382c58b371e5 \
    --hash=sha256:173be2bfc142af07a01e3a759aba6f7791aa47acf3604f610b1c36db888df7b1 \
    --hash=sha256:26a1b5a2bf7dd2c47e3b46d077cd9c0fc3b93e6c6cc9ed750bd312ae9dc302ee \
    --hash=sha256:2a8199cab4ce4d72d158319b63370abf60991495fb733db96cd923a34c52d093 \
    --hash=sha256:2afc2fa864197634e549d87fb1e7b6feb01df0a80fd510d6489e1ce8c0b1cc45 \
    --hash=sha256:42a67d16e5b1ffc6d21c5f67851e0e769517fb57a8ebad1d0781b30888aa704e \
    --hash=sha256:59f909c0fdd8f1dcdbfed0b9569b8bf428cf144bec87d9de298dcd4723f5bee8 \
    --hash=sha256:5f12856123b0ad0147d90b3961f5c90e7427f9acd4b40050705499c98983f489 \
    --hash=sha256:7acd6045e87fac75a0b0cdedacf9ab3e1ad9d929d149785903cff9bb69ad9727 \
    --hash=sha256:968e77094b1d7a576992ac078557d1439df678a34c6fe02fd979f973af167577 \
    --hash=sha256:9ac93d87047e765336f0c18eacad51dad0c1c33c9df7484c40f98e1d773876f5 \
    --hash=sha256:a0fbafe8c58e37aae28b84a80ba1817f2ea552e9450156018a478bf1fa80f4e4 \
    --hash=sha256:abf4073688d7d6da16611f2f126be86523a8ec4343d15d276c614bda8ec44edb \
    --hash=sha256:b216ec0a0674e4b1214dcc998a5088e54eaf39417327b19ffefba1c4a1e4971e \
    --hash=sha256:b86cd3415dbe31b3b46a71c598f4c4b2f550346d1ccf6326b347cc0c8fd063d6 \
    --hash=sha256:b9c456fb2fc8e1282affa932c9e40f5ec31ec9cbb66751a316bd131273b57c23 \
    --hash=sha256:de1c4b916d98ab289818e55ce481e2cacfaad7710b01d1f990c497edf217dafc \
    --hash=sha256:e99620bf01884e5f38611934c09dd194eb665b0109104acae3ba6102b600fd0d
    # via ai-trading-lab
typing-extensions==4.16.0 \
    --hash=sha256:481caa481374e813c1b176ada14e97f1f67a4539ce9cfeb3f350d78d6370c2e8 \
    --hash=sha256:dc983d19a509c94dba722ee6abd33940f7c05a89e243c47e907eb4db6f1a43e5
    # via
    #   pydantic
    #   pydantic-core
    #   typing-inspection
typing-inspection==0.4.4 \
    --hash=sha256:547274fa6b0a561ccf549cc9524b999a578e737d015d8709d021f9d0d13bea47 \
    --hash=sha256:65b8397ba37ccbce054456aaccddfc91e6e3083c92824df348d96ca832f3f147
    # via pydantic
